
Microsoft Visual Studio Solution File, Format Version 12.00
# Visual Studio Version 16
VisualStudioVersion = 16.0.30611.23
MinimumVisualStudioVersion = 10.0.40219.1
Project("{FAE04EC0-301F-11D3-BF4B-00C04F79EFBC}") = "Ceventas", "Ceventas\Ceventas.csproj", "{3943C4B4-04B7-4361-9C28-A6DD294F0D1C}"
EndProject
Project("{FAE04EC0-301F-11D3-BF4B-00C04F79EFBC}") = "UnitTests", "UnitTests\UnitTests.csproj", "{C157BBE9-6BB7-498A-BF58-53727145D055}"
EndProject
Global
	GlobalSection(SolutionConfigurationPlatforms) = preSolution
		Debug|Any CPU = Debug|Any CPU
		Release|Any CPU = Release|Any CPU
	EndGlobalSection
	GlobalSection(ProjectConfigurationPlatforms) = postSolution
		{3943C4B4-04B7-4361-9C28-A6DD294F0D1C}.Debug|Any CPU.ActiveCfg = Debug|Any CPU
		{3943C4B4-04B7-4361-9C28-A6DD294F0D1C}.Debug|Any CPU.Build.0 = Debug|Any CPU
		{3943C4B4-04B7-4361-9C28-A6DD294F0D1C}.Release|Any CPU.ActiveCfg = Release|Any CPU
		{3943C4B4-04B7-4361-9C28-A6DD294F0D1C}.Release|Any CPU.Build.0 = Release|Any CPU
		{C157BBE9-6BB7-498A-BF58-53727145D055}.Debug|Any CPU.ActiveCfg = Debug|Any CPU
		{C157BBE9-6BB7-498A-BF58-53727145D055}.Debug|Any CPU.Build.0 = Debug|Any CPU
		{C157BBE9-6BB7-498A-BF58-53727145D055}.Release|Any CPU.ActiveCfg = Release|Any CPU
		{C157BBE9-6BB7-498A-BF58-53727145D055}.Release|Any CPU.Build.0 = Release|Any CPU
	EndGlobalSection
	GlobalSection(SolutionProperties) = preSolution
		HideSolutionNode = FALSE
	EndGlobalSection
	GlobalSection(ExtensibilityGlobals) = postSolution
		SolutionGuid = {3E72B792-4CB5-4E2B-A944-1BF5CAAF3ED3}
	EndGlobalSection
EndGlobal
